
Microsoft Visual Studio Solution File, Format Version 12.00
# Visual Studio Version 17
VisualStudioVersion = 17.0.31903.59
MinimumVisualStudioVersion = 10.0.40219.1
Project("{9A19103F-16F7-4668-BE54-9A1E7A4F7556}") = "SpaceMMO.Domain", "SpaceMMO.Domain\SpaceMMO.Domain.csproj", "{EA6FB06F-A9EF-496F-A5D4-4EEA98049985}"
EndProject
Project("{9A19103F-16F7-4668-BE54-9A1E7A4F7556}") = "SpaceMMO.Domain.Tests", "SpaceMMO.Domain.Tests\SpaceMMO.Domain.Tests.csproj", "{C128BCA8-3782-4B28-9EF3-6F303D9ED7AC}"
EndProject
Project("{FAE04EC0-301F-11D3-BF4B-00C04F79EFBC}") = "SpaceMMO.Data", "SpaceMMO.Data\SpaceMMO.Data.csproj", "{F58B02F4-7B31-4EA2-8A98-E5143EE517AA}"
EndProject
Project("{FAE04EC0-301F-11D3-BF4B-00C04F79EFBC}") = "SpaceMMO.Data.Tests", "SpaceMMO.Data.Tests\SpaceMMO.Data.Tests.csproj", "{E039BE95-CC51-4493-AAB8-1328BAE287B6}"
EndProject
Project("{FAE04EC0-301F-11D3-BF4B-00C04F79EFBC}") = "SpaceMMO.EconSim", "..\tools\SpaceMMO.EconSim\SpaceMMO.EconSim.csproj", "{66AE1C92-5528-48B6-92EB-3CABF8EEEF95}"
EndProject
Global
	GlobalSection(SolutionConfigurationPlatforms) = preSolution
		Debug|Any CPU = Debug|Any CPU
		Debug|x64 = Debug|x64
		Debug|x86 = Debug|x86
		Release|Any CPU = Release|Any CPU
		Release|x64 = Release|x64
		Release|x86 = Release|x86
	EndGlobalSection
	GlobalSection(ProjectConfigurationPlatforms) = postSolution
		{EA6FB06F-A9EF-496F-A5D4-4EEA98049985}.Debug|Any CPU.ActiveCfg = Debug|Any CPU
		{EA6FB06F-A9EF-496F-A5D4-4EEA98049985}.Debug|Any CPU.Build.0 = Debug|Any CPU
		{EA6FB06F-A9EF-496F-A5D4-4EEA98049985}.Debug|x64.ActiveCfg = Debug|Any CPU
		{EA6FB06F-A9EF-496F-A5D4-4EEA98049985}.Debug|x64.Build.0 = Debug|Any CPU
		{EA6FB06F-A9EF-496F-A5D4-4EEA98049985}.Debug|x86.ActiveCfg = Debug|Any CPU
		{EA6FB06F-A9EF-496F-A5D4-4EEA98049985}.Debug|x86.Build.0 = Debug|Any CPU
		{EA6FB06F-A9EF-496F-A5D4-4EEA98049985}.Release|Any CPU.ActiveCfg = Release|Any CPU
		{EA6FB06F-A9EF-496F-A5D4-4EEA98049985}.Release|Any CPU.Build.0 = Release|Any CPU
		{EA6FB06F-A9EF-496F-A5D4-4EEA98049985}.Release|x64.ActiveCfg = Release|Any CPU
		{EA6FB06F-A9EF-496F-A5D4-4EEA98049985}.Release|x64.Build.0 = Release|Any CPU
		{EA6FB06F-A9EF-496F-A5D4-4EEA98049985}.Release|x86.ActiveCfg = Release|Any CPU
		{EA6FB06F-A9EF-496F-A5D4-4EEA98049985}.Release|x86.Build.0 = Release|Any CPU
		{C128BCA8-3782-4B28-9EF3-6F303D9ED7AC}.Debug|Any CPU.ActiveCfg = Debug|Any CPU
		{C128BCA8-3782-4B28-9EF3-6F303D9ED7AC}.Debug|Any CPU.Build.0 = Debug|Any CPU
		{C128BCA8-3782-4B28-9EF3-6F303D9ED7AC}.Debug|x64.ActiveCfg = Debug|Any CPU
		{C128BCA8-3782-4B28-9EF3-6F303D9ED7AC}.Debug|x64.Build.0 = Debug|Any CPU
		{C128BCA8-3782-4B28-9EF3-6F303D9ED7AC}.Debug|x86.ActiveCfg = Debug|Any CPU
		{C128BCA8-3782-4B28-9EF3-6F303D9ED7AC}.Debug|x86.Build.0 = Debug|Any CPU
		{C128BCA8-3782-4B28-9EF3-6F303D9ED7AC}.Release|Any CPU.ActiveCfg = Release|Any CPU
		{C128BCA8-3782-4B28-9EF3-6F303D9ED7AC}.Release|Any CPU.Build.0 = Release|Any CPU
		{C128BCA8-3782-4B28-9EF3-6F303D9ED7AC}.Release|x64.ActiveCfg = Release|Any CPU
		{C128BCA8-3782-4B28-9EF3-6F303D9ED7AC}.Release|x64.Build.0 = Release|Any CPU
		{C128BCA8-3782-4B28-9EF3-6F303D9ED7AC}.Release|x86.ActiveCfg = Release|Any CPU
		{C128BCA8-3782-4B28-9EF3-6F303D9ED7AC}.Release|x86.Build.0 = Release|Any CPU
		{F58B02F4-7B31-4EA2-8A98-E5143EE517AA}.Debug|Any CPU.ActiveCfg = Debug|Any CPU
		{F58B02F4-7B31-4EA2-8A98-E5143EE517AA}.Debug|Any CPU.Build.0 = Debug|Any CPU
		{F58B02F4-7B31-4EA2-8A98-E5143EE517AA}.Debug|x64.ActiveCfg = Debug|Any CPU
		{F58B02F4-7B31-4EA2-8A98-E5143EE517AA}.Debug|x64.Build.0 = Debug|Any CPU
		{F58B02F4-7B31-4EA2-8A98-E5143EE517AA}.Debug|x86.ActiveCfg = Debug|Any CPU
		{F58B02F4-7B31-4EA2-8A98-E5143EE517AA}.Debug|x86.Build.0 = Debug|Any CPU
		{F58B02F4-7B31-4EA2-8A98-E5143EE517AA}.Release|Any CPU.ActiveCfg = Release|Any CPU
		{F58B02F4-7B31-4EA2-8A98-E5143EE517AA}.Release|Any CPU.Build.0 = Release|Any CPU
		{F58B02F4-7B31-4EA2-8A98-E5143EE517AA}.Release|x64.ActiveCfg = Release|Any CPU
		{F58B02F4-7B31-4EA2-8A98-E5143EE517AA}.Release|x64.Build.0 = Release|Any CPU
		{F58B02F4-7B31-4EA2-8A98-E5143EE517AA}.Release|x86.ActiveCfg = Release|Any CPU
		{F58B02F4-7B31-4EA2-8A98-E5143EE517AA}.Release|x86.Build.0 = Release|Any CPU
		{E039BE95-CC51-4493-AAB8-1328BAE287B6}.Debug|Any CPU.ActiveCfg = Debug|Any CPU
		{E039BE95-CC51-4493-AAB8-1328BAE287B6}.Debug|Any CPU.Build.0 = Debug|Any CPU
		{E039BE95-CC51-4493-AAB8-1328BAE287B6}.Debug|x64.ActiveCfg = Debug|Any CPU
		{E039BE95-CC51-4493-AAB8-1328BAE287B6}.Debug|x64.Build.0 = Debug|Any CPU
		{E039BE95-CC51-4493-AAB8-1328BAE287B6}.Debug|x86.ActiveCfg = Debug|Any CPU
		{E039BE95-CC51-4493-AAB8-1328BAE287B6}.Debug|x86.Build.0 = Debug|Any CPU
		{E039BE95-CC51-4493-AAB8-1328BAE287B6}.Release|Any CPU.ActiveCfg = Release|Any CPU
		{E039BE95-CC51-4493-AAB8-1328BAE287B6}.Release|Any CPU.Build.0 = Release|Any CPU
		{E039BE95-CC51-4493-AAB8-1328BAE287B6}.Release|x64.ActiveCfg = Release|Any CPU
		{E039BE95-CC51-4493-AAB8-1328BAE287B6}.Release|x64.Build.0 = Release|Any CPU
		{E039BE95-CC51-4493-AAB8-1328BAE287B6}.Release|x86.ActiveCfg = Release|Any CPU
		{E039BE95-CC51-4493-AAB8-1328BAE287B6}.Release|x86.Build.0 = Release|Any CPU
		{66AE1C92-5528-48B6-92EB-3CABF8EEEF95}.Debug|Any CPU.ActiveCfg = Debug|Any CPU
		{66AE1C92-5528-48B6-92EB-3CABF8EEEF95}.Debug|Any CPU.Build.0 = Debug|Any CPU
		{66AE1C92-5528-48B6-92EB-3CABF8EEEF95}.Debug|x64.ActiveCfg = Debug|Any CPU
		{66AE1C92-5528-48B6-92EB-3CABF8EEEF95}.Debug|x64.Build.0 = Debug|Any CPU
		{66AE1C92-5528-48B6-92EB-3CABF8EEEF95}.Debug|x86.ActiveCfg = Debug|Any CPU
		{66AE1C92-5528-48B6-92EB-3CABF8EEEF95}.Debug|x86.Build.0 = Debug|Any CPU
		{66AE1C92-5528-48B6-92EB-3CABF8EEEF95}.Release|Any CPU.ActiveCfg = Release|Any CPU
		{66AE1C92-5528-48B6-92EB-3CABF8EEEF95}.Release|Any CPU.Build.0 = Release|Any CPU
		{66AE1C92-5528-48B6-92EB-3CABF8EEEF95}.Release|x64.ActiveCfg = Release|Any CPU
		{66AE1C92-5528-48B6-92EB-3CABF8EEEF95}.Release|x64.Build.0 = Release|Any CPU
		{66AE1C92-5528-48B6-92EB-3CABF8EEEF95}.Release|x86.ActiveCfg = Release|Any CPU
		{66AE1C92-5528-48B6-92EB-3CABF8EEEF95}.Release|x86.Build.0 = Release|Any CPU
	EndGlobalSection
	GlobalSection(SolutionProperties) = preSolution
		HideSolutionNode = FALSE
	EndGlobalSection
	GlobalSection(ExtensibilityGlobals) = postSolution
		SolutionGuid = {298C9C7A-18EF-4AB0-AAFF-02ADBB5670C2}
	EndGlobalSection
EndGlobal
